
Microsoft Visual Studio Solution File, Format Version 12.00
# Visual Studio Version 17
VisualStudioVersion = 17.11.35327.3
MinimumVisualStudioVersion = 10.0.40219.1
Project("{8BC9CEB8-8B4A-11D0-8D11-00A0C91BC942}") = "HiveFX", "HiveFX\HiveFX.vcxproj", "{A2B32A85-03E2-49C7-99E0-9E83D7E41415}"
EndProject
Project("{8BC9CEB8-8B4A-11D0-8D11-00A0C91BC942}") = "Unit_Test001 (Create_Shader)", "UnitTests\Unit_Test001 (Create_Shader)\Unit_Test001 (Create_Shader).vcxproj", "{5CCDAD21-F752-4040-82F6-7243A517503A}"
EndProject
Global
	GlobalSection(SolutionConfigurationPlatforms) = preSolution
		Debug|x64 = Debug|x64
		Debug|x86 = Debug|x86
		Release|x64 = Release|x64
		Release|x86 = Release|x86
	EndGlobalSection
	GlobalSection(ProjectConfigurationPlatforms) = postSolution
		{A2B32A85-03E2-49C7-99E0-9E83D7E41415}.Debug|x64.ActiveCfg = Debug|x64
		{A2B32A85-03E2-49C7-99E0-9E83D7E41415}.Debug|x64.Build.0 = Debug|x64
		{A2B32A85-03E2-49C7-99E0-9E83D7E41415}.Debug|x86.ActiveCfg = Debug|Win32
		{A2B32A85-03E2-49C7-99E0-9E83D7E41415}.Debug|x86.Build.0 = Debug|Win32
		{A2B32A85-03E2-49C7-99E0-9E83D7E41415}.Release|x64.ActiveCfg = Release|x64
		{A2B32A85-03E2-49C7-99E0-9E83D7E41415}.Release|x64.Build.0 = Release|x64
		{A2B32A85-03E2-49C7-99E0-9E83D7E41415}.Release|x86.ActiveCfg = Release|Win32
		{A2B32A85-03E2-49C7-99E0-9E83D7E41415}.Release|x86.Build.0 = Release|Win32
		{5CCDAD21-F752-4040-82F6-7243A517503A}.Debug|x64.ActiveCfg = Debug|x64
		{5CCDAD21-F752-4040-82F6-7243A517503A}.Debug|x64.Build.0 = Debug|x64
		{5CCDAD21-F752-4040-82F6-7243A517503A}.Debug|x86.ActiveCfg = Debug|Win32
		{5CCDAD21-F752-4040-82F6-7243A517503A}.Debug|x86.Build.0 = Debug|Win32
		{5CCDAD21-F752-4040-82F6-7243A517503A}.Release|x64.ActiveCfg = Release|x64
		{5CCDAD21-F752-4040-82F6-7243A517503A}.Release|x64.Build.0 = Release|x64
		{5CCDAD21-F752-4040-82F6-7243A517503A}.Release|x86.ActiveCfg = Release|Win32
		{5CCDAD21-F752-4040-82F6-7243A517503A}.Release|x86.Build.0 = Release|Win32
	EndGlobalSection
	GlobalSection(SolutionProperties) = preSolution
		HideSolutionNode = FALSE
	EndGlobalSection
	GlobalSection(ExtensibilityGlobals) = postSolution
		SolutionGuid = {9E9F2363-BFD4-4BD0-8642-85DEF98CFEE8}
	EndGlobalSection
EndGlobal
